
Microsoft Visual Studio Solution File, Format Version 12.00
# Visual Studio Version 16
VisualStudioVersion = 16.0.29025.244
MinimumVisualStudioVersion = 10.0.40219.1
Project("{9A19103F-16F7-4668-BE54-9A1E7A4F7556}") = "WebApplication", "WebApplication\WebApplication.csproj", "{9BCD8C5E-76D5-4C06-9AA7-25EF7F24C94D}"
EndProject
Project("{9A19103F-16F7-4668-BE54-9A1E7A4F7556}") = "WebApplication.Business", "WebApplication.Business\WebApplication.Business.csproj", "{4F542EE8-C318-4F63-AC84-012D799350F2}"
EndProject
Project("{9A19103F-16F7-4668-BE54-9A1E7A4F7556}") = "WebApplication.Model", "WebApplication.Model\WebApplication.Model.csproj", "{54955E7A-C724-4991-9E0D-D8A676BA0533}"
EndProject
Project("{9A19103F-16F7-4668-BE54-9A1E7A4F7556}") = "WebApplication.Repository", "WebApplication.Repository\WebApplication.Repository.csproj", "{FA81404A-4ABC-4B84-B86C-E69CA055BB2E}"
EndProject
Project("{9A19103F-16F7-4668-BE54-9A1E7A4F7556}") = "WebApplication.DataContractObject", "WebApplication.DataContractObject\WebApplication.DataContractObject.csproj", "{F5655923-EDB6-40F3-AC9A-B192369A0CB8}"
EndProject
Global
	GlobalSection(SolutionConfigurationPlatforms) = preSolution
		Debug|Any CPU = Debug|Any CPU
		Release|Any CPU = Release|Any CPU
	EndGlobalSection
	GlobalSection(ProjectConfigurationPlatforms) = postSolution
		{9BCD8C5E-76D5-4C06-9AA7-25EF7F24C94D}.Debug|Any CPU.ActiveCfg = Debug|Any CPU
		{9BCD8C5E-76D5-4C06-9AA7-25EF7F24C94D}.Debug|Any CPU.Build.0 = Debug|Any CPU
		{9BCD8C5E-76D5-4C06-9AA7-25EF7F24C94D}.Release|Any CPU.ActiveCfg = Release|Any CPU
		{9BCD8C5E-76D5-4C06-9AA7-25EF7F24C94D}.Release|Any CPU.Build.0 = Release|Any CPU
		{4F542EE8-C318-4F63-AC84-012D799350F2}.Debug|Any CPU.ActiveCfg = Debug|Any CPU
		{4F542EE8-C318-4F63-AC84-012D799350F2}.Debug|Any CPU.Build.0 = Debug|Any CPU
		{4F542EE8-C318-4F63-AC84-012D799350F2}.Release|Any CPU.ActiveCfg = Release|Any CPU
		{4F542EE8-C318-4F63-AC84-012D799350F2}.Release|Any CPU.Build.0 = Release|Any CPU
		{54955E7A-C724-4991-9E0D-D8A676BA0533}.Debug|Any CPU.ActiveCfg = Debug|Any CPU
		{54955E7A-C724-4991-9E0D-D8A676BA0533}.Debug|Any CPU.Build.0 = Debug|Any CPU
		{54955E7A-C724-4991-9E0D-D8A676BA0533}.Release|Any CPU.ActiveCfg = Release|Any CPU
		{54955E7A-C724-4991-9E0D-D8A676BA0533}.Release|Any CPU.Build.0 = Release|Any CPU
		{FA81404A-4ABC-4B84-B86C-E69CA055BB2E}.Debug|Any CPU.ActiveCfg = Debug|Any CPU
		{FA81404A-4ABC-4B84-B86C-E69CA055BB2E}.Debug|Any CPU.Build.0 = Debug|Any CPU
		{FA81404A-4ABC-4B84-B86C-E69CA055BB2E}.Release|Any CPU.ActiveCfg = Release|Any CPU
		{FA81404A-4ABC-4B84-B86C-E69CA055BB2E}.Release|Any CPU.Build.0 = Release|Any CPU
		{F5655923-EDB6-40F3-AC9A-B192369A0CB8}.Debug|Any CPU.ActiveCfg = Debug|Any CPU
		{F5655923-EDB6-40F3-AC9A-B192369A0CB8}.Debug|Any CPU.Build.0 = Debug|Any CPU
		{F5655923-EDB6-40F3-AC9A-B192369A0CB8}.Release|Any CPU.ActiveCfg = Release|Any CPU
		{F5655923-EDB6-40F3-AC9A-B192369A0CB8}.Release|Any CPU.Build.0 = Release|Any CPU
	EndGlobalSection
	GlobalSection(SolutionProperties) = preSolution
		HideSolutionNode = FALSE
	EndGlobalSection
	GlobalSection(ExtensibilityGlobals) = postSolution
		SolutionGuid = {F278B056-B903-4377-8813-B24B2A5DECD3}
	EndGlobalSection
EndGlobal
